
Microsoft Visual Studio Solution File, Format Version 12.00
# Visual Studio Version 16
VisualStudioVersion = 16.0.30711.63
MinimumVisualStudioVersion = 10.0.40219.1
Project("{FAE04EC0-301F-11D3-BF4B-00C04F79EFBC}") = "QBlazorAnalyzers", "QBlazorAnalyzers\QBlazorAnalyzers.csproj", "{CE3BFB8C-A621-48E8-B52C-9A7AA83177C0}"
EndProject
Project("{FAE04EC0-301F-11D3-BF4B-00C04F79EFBC}") = "QBlazorAnalyzers.Demo", "QBlazorAnalyzers.Demo\QBlazorAnalyzers.Demo.csproj", "{D169B3A0-7068-44BA-BC2A-1999E7D086C2}"
EndProject
Global
	GlobalSection(SolutionConfigurationPlatforms) = preSolution
		Debug|Any CPU = Debug|Any CPU
		Release|Any CPU = Release|Any CPU
	EndGlobalSection
	GlobalSection(ProjectConfigurationPlatforms) = postSolution
		{CE3BFB8C-A621-48E8-B52C-9A7AA83177C0}.Debug|Any CPU.ActiveCfg = Debug|Any CPU
		{CE3BFB8C-A621-48E8-B52C-9A7AA83177C0}.Debug|Any CPU.Build.0 = Debug|Any CPU
		{CE3BFB8C-A621-48E8-B52C-9A7AA83177C0}.Release|Any CPU.ActiveCfg = Release|Any CPU
		{CE3BFB8C-A621-48E8-B52C-9A7AA83177C0}.Release|Any CPU.Build.0 = Release|Any CPU
		{D169B3A0-7068-44BA-BC2A-1999E7D086C2}.Debug|Any CPU.ActiveCfg = Debug|Any CPU
		{D169B3A0-7068-44BA-BC2A-1999E7D086C2}.Debug|Any CPU.Build.0 = Debug|Any CPU
		{D169B3A0-7068-44BA-BC2A-1999E7D086C2}.Release|Any CPU.ActiveCfg = Release|Any CPU
		{D169B3A0-7068-44BA-BC2A-1999E7D086C2}.Release|Any CPU.Build.0 = Release|Any CPU
	EndGlobalSection
	GlobalSection(SolutionProperties) = preSolution
		HideSolutionNode = FALSE
	EndGlobalSection
	GlobalSection(ExtensibilityGlobals) = postSolution
		SolutionGuid = {F461975A-67F7-4FAB-9939-8D19879E4A44}
	EndGlobalSection
EndGlobal
